PODS:
  - Flutter (1.0.0)
  - flutter_nearby_connections (0.0.1):
    - Flutter
    - SwiftyJSON (~> 4.0)
  - health (13.1.1):
    - Flutter
  - SwiftyJSON (4.3.0)

DEPENDENCIES:
  - Flutter (from `Flutter`)
  - flutter_nearby_connections (from `.symlinks/plugins/flutter_nearby_connections/ios`)
  - health (from `.symlinks/plugins/health/ios`)

SPEC REPOS:
  trunk:
    - SwiftyJSON

EXTERNAL SOURCES:
  Flutter:
    :path: Flutter
  flutter_nearby_connections:
    :path: ".symlinks/plugins/flutter_nearby_connections/ios"
  health:
    :path: ".symlinks/plugins/health/ios"

SPEC CHECKSUMS:
  Flutter: 71a624a5bc0c04062bf19101d501e466baf2fb47
  flutter_nearby_connections: 1c977358b344997fe3b52f97be62f7a238e1dbf0
  health: 0488159eaa0cb4551cb066fe469c6a647416ca1a
  SwiftyJSON: 6faa0040f8b59dead0ee07436cbf76b73c08fd08

PODFILE CHECKSUM: 10d19d22a577c3d15a0e86dd09eef52b93cce51b

COCOAPODS: 1.17.0
